
Microsoft Visual Studio Solution File, Format Version 12.00
# Visual Studio Version 16
VisualStudioVersion = 16.0.30104.148
MinimumVisualStudioVersion = 10.0.40219.1
Project("{9A19103F-16F7-4668-BE54-9A1E7A4F7556}") = "QuickLaunch", "src\QuickLaunch\QuickLaunch.csproj", "{F7236B5C-B024-4998-8A38-C604BA3E3A23}"
EndProject
Project("{2150E333-8FDC-42A3-9474-1A3956D46DE8}") = "Solution Items", "Solution Items", "{969BF62B-7952-4072-AB55-AFD93282230F}"
	ProjectSection(SolutionItems) = preProject
		.gitignore = .gitignore
		LICENSE = LICENSE
		README.md = README.md
	EndProjectSection
EndProject
Project("{9A19103F-16F7-4668-BE54-9A1E7A4F7556}") = "QuickLaunch.Data.Access.Interface", "src\QuickLaunch.Data.Access.Interface\QuickLaunch.Data.Access.Interface.csproj", "{244957CA-FA3A-43AB-876B-5BEA5FD2D960}"
EndProject
Project("{9A19103F-16F7-4668-BE54-9A1E7A4F7556}") = "QuickLaunch.Data.Access.InMemory", "src\QuickLaunch.Data.Access.InMemory\QuickLaunch.Data.Access.InMemory.csproj", "{95203870-772E-46D8-A8FD-BF79FA41B346}"
EndProject
Project("{9A19103F-16F7-4668-BE54-9A1E7A4F7556}") = "QuickLaunch.Data.Access.File", "src\QuickLaunch.Data.Access.File\QuickLaunch.Data.Access.File.csproj", "{1B221A5C-2671-4621-AD6C-5A988E6E905D}"
EndProject
Project("{9A19103F-16F7-4668-BE54-9A1E7A4F7556}") = "QuickLaunch.Data.Access.File.Test", "test\QuickLaunch.Data.Access.File.Test\QuickLaunch.Data.Access.File.Test.csproj", "{EEB098A6-D57A-4172-9738-E5BE0D21AE1D}"
EndProject
Project("{2150E333-8FDC-42A3-9474-1A3956D46DE8}") = "src", "src", "{D95FAB74-E9A9-4B7E-8B3D-E385E953E21C}"
EndProject
Project("{2150E333-8FDC-42A3-9474-1A3956D46DE8}") = "test", "test", "{89E01B21-189C-45FE-BC5F-36CBEE1A5C78}"
EndProject
Global
	GlobalSection(SolutionConfigurationPlatforms) = preSolution
		Debug|Any CPU = Debug|Any CPU
		Release|Any CPU = Release|Any CPU
	EndGlobalSection
	GlobalSection(ProjectConfigurationPlatforms) = postSolution
		{F7236B5C-B024-4998-8A38-C604BA3E3A23}.Debug|Any CPU.ActiveCfg = Debug|Any CPU
		{F7236B5C-B024-4998-8A38-C604BA3E3A23}.Debug|Any CPU.Build.0 = Debug|Any CPU
		{F7236B5C-B024-4998-8A38-C604BA3E3A23}.Release|Any CPU.ActiveCfg = Release|Any CPU
		{F7236B5C-B024-4998-8A38-C604BA3E3A23}.Release|Any CPU.Build.0 = Release|Any CPU
		{244957CA-FA3A-43AB-876B-5BEA5FD2D960}.Debug|Any CPU.ActiveCfg = Debug|Any CPU
		{244957CA-FA3A-43AB-876B-5BEA5FD2D960}.Debug|Any CPU.Build.0 = Debug|Any CPU
		{244957CA-FA3A-43AB-876B-5BEA5FD2D960}.Release|Any CPU.ActiveCfg = Release|Any CPU
		{244957CA-FA3A-43AB-876B-5BEA5FD2D960}.Release|Any CPU.Build.0 = Release|Any CPU
		{95203870-772E-46D8-A8FD-BF79FA41B346}.Debug|Any CPU.ActiveCfg = Debug|Any CPU
		{95203870-772E-46D8-A8FD-BF79FA41B346}.Debug|Any CPU.Build.0 = Debug|Any CPU
		{95203870-772E-46D8-A8FD-BF79FA41B346}.Release|Any CPU.ActiveCfg = Release|Any CPU
		{95203870-772E-46D8-A8FD-BF79FA41B346}.Release|Any CPU.Build.0 = Release|Any CPU
		{1B221A5C-2671-4621-AD6C-5A988E6E905D}.Debug|Any CPU.ActiveCfg = Debug|Any CPU
		{1B221A5C-2671-4621-AD6C-5A988E6E905D}.Debug|Any CPU.Build.0 = Debug|Any CPU
		{1B221A5C-2671-4621-AD6C-5A988E6E905D}.Release|Any CPU.ActiveCfg = Release|Any CPU
		{1B221A5C-2671-4621-AD6C-5A988E6E905D}.Release|Any CPU.Build.0 = Release|Any CPU
		{EEB098A6-D57A-4172-9738-E5BE0D21AE1D}.Debug|Any CPU.ActiveCfg = Debug|Any CPU
		{EEB098A6-D57A-4172-9738-E5BE0D21AE1D}.Debug|Any CPU.Build.0 = Debug|Any CPU
		{EEB098A6-D57A-4172-9738-E5BE0D21AE1D}.Release|Any CPU.ActiveCfg = Release|Any CPU
		{EEB098A6-D57A-4172-9738-E5BE0D21AE1D}.Release|Any CPU.Build.0 = Release|Any CPU
	EndGlobalSection
	GlobalSection(SolutionProperties) = preSolution
		HideSolutionNode = FALSE
	EndGlobalSection
	GlobalSection(NestedProjects) = preSolution
		{F7236B5C-B024-4998-8A38-C604BA3E3A23} = {D95FAB74-E9A9-4B7E-8B3D-E385E953E21C}
		{244957CA-FA3A-43AB-876B-5BEA5FD2D960} = {D95FAB74-E9A9-4B7E-8B3D-E385E953E21C}
		{95203870-772E-46D8-A8FD-BF79FA41B346} = {D95FAB74-E9A9-4B7E-8B3D-E385E953E21C}
		{1B221A5C-2671-4621-AD6C-5A988E6E905D} = {D95FAB74-E9A9-4B7E-8B3D-E385E953E21C}
		{EEB098A6-D57A-4172-9738-E5BE0D21AE1D} = {89E01B21-189C-45FE-BC5F-36CBEE1A5C78}
	EndGlobalSection
	GlobalSection(ExtensibilityGlobals) = postSolution
		SolutionGuid = {12C56B52-9176-4112-B0F2-CC29C0011B22}
	EndGlobalSection
EndGlobal
